// !$*UTF8*$!
{
	archiveVersion = 1;
	classes = {
	};
	objectVersion = 50;
	objects = {

/* Begin PBXBuildFile section */
		616FB08020A9906800209C9C /* AppDelegate.swift in Sources */ = {isa = PBXBuildFile; fileRef = 616FB07F20A9906800209C9C /* AppDelegate.swift */; };
		616FB08220A9906800209C9C /* ViewController.swift in Sources */ = {isa = PBXBuildFile; fileRef = 616FB08120A9906800209C9C /* ViewController.swift */; };
		616FB08520A9906800209C9C /* Main.storyboard in Resources */ = {isa = PBXBuildFile; fileRef = 616FB08320A9906800209C9C /* Main.storyboard */; };
		616FB08820A9906800209C9C /* strava_swift.xcdatamodeld in Sources */ = {isa = PBXBuildFile; fileRef = 616FB08620A9906800209C9C /* strava_swift.xcdatamodeld */; };
		616FB08A20A9906900209C9C /* Assets.xcassets in Resources */ = {isa = PBXBuildFile; fileRef = 616FB08920A9906900209C9C /* Assets.xcassets */; };
		616FB08D20A9906900209C9C /* LaunchScreen.storyboard in Resources */ = {isa = PBXBuildFile; fileRef = 616FB08B20A9906900209C9C /* LaunchScreen.storyboard */; };
		616FB09820A9906900209C9C /* strava_swiftTests.swift in Sources */ = {isa = PBXBuildFile; fileRef = 616FB09720A9906900209C9C /* strava_swiftTests.swift */; };
		616FB0A420A9946000209C9C /* HomeViewController.swift in Sources */ = {isa = PBXBuildFile; fileRef = 616FB0A220A9946000209C9C /* HomeViewController.swift */; };
		616FB0A520A9946000209C9C /* HomeViewController.xib in Resources */ = {isa = PBXBuildFile; fileRef = 616FB0A320A9946000209C9C /* HomeViewController.xib */; };
		616FB0A720A9B78100209C9C /* HomePresenter.swift in Sources */ = {isa = PBXBuildFile; fileRef = 616FB0A620A9B78100209C9C /* HomePresenter.swift */; };
		61BDE18120AC042000197341 /* FeedTableViewCell.swift in Sources */ = {isa = PBXBuildFile; fileRef = 61BDE17F20AC042000197341 /* FeedTableViewCell.swift */; };
		61BDE18220AC042000197341 /* FeedTableViewCell.xib in Resources */ = {isa = PBXBuildFile; fileRef = 61BDE18020AC042000197341 /* FeedTableViewCell.xib */; };
		B277B6CF2A05DC090F0DEF46 /* Pods_strava_swift.framework in Frameworks */ = {isa = PBXBuildFile; fileRef = ECC7A0AD581DAFF75AC02824 /* Pods_strava_swift.framework */; };
		E7BFC8A2D39839CAEFD8F95F /* Pods_strava_swiftTests.framework in Frameworks */ = {isa = PBXBuildFile; fileRef = 10FD37C3B5827C8C9583D406 /* Pods_strava_swiftTests.framework */; };
/* End PBXBuildFile section */

/* Begin PBXContainerItemProxy section */
		616FB09420A9906900209C9C /* PBXContainerItemProxy */ = {
			isa = PBXContainerItemProxy;
			containerPortal = 616FB07420A9906800209C9C /* Project object */;
			proxyType = 1;
			remoteGlobalIDString = 616FB07B20A9906800209C9C;
			remoteInfo = strava_swift;
		};
/* End PBXContainerItemProxy section */

/* Begin PBXFileReference section */
		10FD37C3B5827C8C9583D406 /* Pods_strava_swiftTests.framework */ = {isa = PBXFileReference; explicitFileType = wrapper.framework; includeInIndex = 0; path = Pods_strava_swiftTests.framework; sourceTree = BUILT_PRODUCTS_DIR; };
		4695C4C799CAA21A358E3E8F /* Pods-strava_swiftTests.release.xcconfig */ = {isa = PBXFileReference; includeInIndex = 1; lastKnownFileType = text.xcconfig; name = "Pods-strava_swiftTests.release.xcconfig"; path = "Pods/Target Support Files/Pods-strava_swiftTests/Pods-strava_swiftTests.release.xcconfig"; sourceTree = "<group>"; };
		5D2E1DAA0E3C1CD66A7065FE /* Pods-strava_swift.release.xcconfig */ = {isa = PBXFileReference; includeInIndex = 1; lastKnownFileType = text.xcconfig; name = "Pods-strava_swift.release.xcconfig"; path = "Pods/Target Support Files/Pods-strava_swift/Pods-strava_swift.release.xcconfig"; sourceTree = "<group>"; };
		616FB07C20A9906800209C9C /* strava_swift.app */ = {isa = PBXFileReference; explicitFileType = wrapper.application; includeInIndex = 0; path = strava_swift.app; sourceTree = BUILT_PRODUCTS_DIR; };
		616FB07F20A9906800209C9C /* AppDelegate.swift */ = {isa = PBXFileReference; lastKnownFileType = sourcecode.swift; path = AppDelegate.swift; sourceTree = "<group>"; };
		616FB08120A9906800209C9C /* ViewController.swift */ = {isa = PBXFileReference; lastKnownFileType = sourcecode.swift; path = ViewController.swift; sourceTree = "<group>"; };
		616FB08420A9906800209C9C /* Base */ = {isa = PBXFileReference; lastKnownFileType = file.storyboard; name = Base; path = Base.lproj/Main.storyboard; sourceTree = "<group>"; };
		616FB08720A9906800209C9C /* strava_swift.xcdatamodel */ = {isa = PBXFileReference; lastKnownFileType = wrapper.xcdatamodel; path = strava_swift.xcdatamodel; sourceTree = "<group>"; };
		616FB08920A9906900209C9C /* Assets.xcassets */ = {isa = PBXFileReference; lastKnownFileType = folder.assetcatalog; path = Assets.xcassets; sourceTree = "<group>"; };
		616FB08C20A9906900209C9C /* Base */ = {isa = PBXFileReference; lastKnownFileType = file.storyboard; name = Base; path = Base.lproj/LaunchScreen.storyboard; sourceTree = "<group>"; };
		616FB08E20A9906900209C9C /* Info.plist */ = {isa = PBXFileReference; lastKnownFileType = text.plist.xml; path = Info.plist; sourceTree = "<group>"; };
		616FB09320A9906900209C9C /* strava_swiftTests.xctest */ = {isa = PBXFileReference; explicitFileType = wrapper.cfbundle; includeInIndex = 0; path = strava_swiftTests.xctest; sourceTree = BUILT_PRODUCTS_DIR; };
		616FB09720A9906900209C9C /* strava_swiftTests.swift */ = {isa = PBXFileReference; lastKnownFileType = sourcecode.swift; path = strava_swiftTests.swift; sourceTree = "<group>"; };
		616FB09920A9906900209C9C /* Info.plist */ = {isa = PBXFileReference; lastKnownFileType = text.plist.xml; path = Info.plist; sourceTree = "<group>"; };
		616FB0A220A9946000209C9C /* HomeViewController.swift */ = {isa = PBXFileReference; lastKnownFileType = sourcecode.swift; path = HomeViewController.swift; sourceTree = "<group>"; };
		616FB0A320A9946000209C9C /* HomeViewController.xib */ = {isa = PBXFileReference; lastKnownFileType = file.xib; path = HomeViewController.xib; sourceTree = "<group>"; };
		616FB0A620A9B78100209C9C /* HomePresenter.swift */ = {isa = PBXFileReference; lastKnownFileType = sourcecode.swift; path = HomePresenter.swift; sourceTree = "<group>"; };
		61BDE17F20AC042000197341 /* FeedTableViewCell.swift */ = {isa = PBXFileReference; lastKnownFileType = sourcecode.swift; path = FeedTableViewCell.swift; sourceTree = "<group>"; };
		61BDE18020AC042000197341 /* FeedTableViewCell.xib */ = {isa = PBXFileReference; lastKnownFileType = file.xib; path = FeedTableViewCell.xib; sourceTree = "<group>"; };
		B56E827D5EC3E92EFDD3A60D /* Pods-strava_swift.debug.xcconfig */ = {isa = PBXFileReference; includeInIndex = 1; lastKnownFileType = text.xcconfig; name = "Pods-strava_swift.debug.xcconfig"; path = "Pods/Target Support Files/Pods-strava_swift/Pods-strava_swift.debug.xcconfig"; sourceTree = "<group>"; };
		C2EB9EB678A60174E0809B2F /* Pods-strava_swiftTests.debug.xcconfig */ = {isa = PBXFileReference; includeInIndex = 1; lastKnownFileType = text.xcconfig; name = "Pods-strava_swiftTests.debug.xcconfig"; path = "Pods/Target Support Files/Pods-strava_swiftTests/Pods-strava_swiftTests.debug.xcconfig"; sourceTree = "<group>"; };
		ECC7A0AD581DAFF75AC02824 /* Pods_strava_swift.framework */ = {isa = PBXFileReference; explicitFileType = wrapper.framework; includeInIndex = 0; path = Pods_strava_swift.framework; sourceTree = BUILT_PRODUCTS_DIR; };
/* End PBXFileReference section */

/* Begin PBXFrameworksBuildPhase section */
		616FB07920A9906800209C9C /* Frameworks */ = {
			isa = PBXFrameworksBuildPhase;
			buildActionMask = 2147483647;
			files = (
				B277B6CF2A05DC090F0DEF46 /* Pods_strava_swift.framework in Frameworks */,
			);
			runOnlyForDeploymentPostprocessing = 0;
		};
		616FB09020A9906900209C9C /* Frameworks */ = {
			isa = PBXFrameworksBuildPhase;
			buildActionMask = 2147483647;
			files = (
				E7BFC8A2D39839CAEFD8F95F /* Pods_strava_swiftTests.framework in Frameworks */,
			);
			runOnlyForDeploymentPostprocessing = 0;
		};
/* End PBXFrameworksBuildPhase section */

/* Begin PBXGroup section */
		13B310F6B0AFBB9A214DF4BA /* Frameworks */ = {
			isa = PBXGroup;
			children = (
				ECC7A0AD581DAFF75AC02824 /* Pods_strava_swift.framework */,
				10FD37C3B5827C8C9583D406 /* Pods_strava_swiftTests.framework */,
			);
			name = Frameworks;
			sourceTree = "<group>";
		};
		616FB07320A9906800209C9C = {
			isa = PBXGroup;
			children = (
				616FB07E20A9906800209C9C /* strava_swift */,
				616FB09620A9906900209C9C /* strava_swiftTests */,
				616FB07D20A9906800209C9C /* Products */,
				C55BBF23B63E6CB562EC9B09 /* Pods */,
				13B310F6B0AFBB9A214DF4BA /* Frameworks */,
			);
			sourceTree = "<group>";
		};
		616FB07D20A9906800209C9C /* Products */ = {
			isa = PBXGroup;
			children = (
				616FB07C20A9906800209C9C /* strava_swift.app */,
				616FB09320A9906900209C9C /* strava_swiftTests.xctest */,
			);
			name = Products;
			sourceTree = "<group>";
		};
		616FB07E20A9906800209C9C /* strava_swift */ = {
			isa = PBXGroup;
			children = (
				61BDE17F20AC042000197341 /* FeedTableViewCell.swift */,
				61BDE18020AC042000197341 /* FeedTableViewCell.xib */,
				616FB07F20A9906800209C9C /* AppDelegate.swift */,
				616FB08120A9906800209C9C /* ViewController.swift */,
				616FB08320A9906800209C9C /* Main.storyboard */,
				616FB08920A9906900209C9C /* Assets.xcassets */,
				616FB08B20A9906900209C9C /* LaunchScreen.storyboard */,
				616FB08E20A9906900209C9C /* Info.plist */,
				616FB08620A9906800209C9C /* strava_swift.xcdatamodeld */,
				616FB0A220A9946000209C9C /* HomeViewController.swift */,
				616FB0A320A9946000209C9C /* HomeViewController.xib */,
				616FB0A620A9B78100209C9C /* HomePresenter.swift */,
			);
			path = strava_swift;
			sourceTree = "<group>";
		};
		616FB09620A9906900209C9C /* strava_swiftTests */ = {
			isa = PBXGroup;
			children = (
				616FB09720A9906900209C9C /* strava_swiftTests.swift */,
				616FB09920A9906900209C9C /* Info.plist */,
			);
			path = strava_swiftTests;
			sourceTree = "<group>";
		};
		C55BBF23B63E6CB562EC9B09 /* Pods */ = {
			isa = PBXGroup;
			children = (
				B56E827D5EC3E92EFDD3A60D /* Pods-strava_swift.debug.xcconfig */,
				5D2E1DAA0E3C1CD66A7065FE /* Pods-strava_swift.release.xcconfig */,
				C2EB9EB678A60174E0809B2F /* Pods-strava_swiftTests.debug.xcconfig */,
				4695C4C799CAA21A358E3E8F /* Pods-strava_swiftTests.release.xcconfig */,
			);
			name = Pods;
			sourceTree = "<group>";
		};
/* End PBXGroup section */

/* Begin PBXNativeTarget section */
		616FB07B20A9906800209C9C /* strava_swift */ = {
			isa = PBXNativeTarget;
			buildConfigurationList = 616FB09C20A9906900209C9C /* Build configuration list for PBXNativeTarget "strava_swift" */;
			buildPhases = (
				34519FE57F0111F71CF13A02 /* [CP] Check Pods Manifest.lock */,
				616FB07820A9906800209C9C /* Sources */,
				616FB07920A9906800209C9C /* Frameworks */,
				616FB07A20A9906800209C9C /* Resources */,
				E5A2CC90ACD565F6436A51F6 /* [CP] Embed Pods Frameworks */,
			);
			buildRules = (
			);
			dependencies = (
			);
			name = strava_swift;
			productName = strava_swift;
			productReference = 616FB07C20A9906800209C9C /* strava_swift.app */;
			productType = "com.apple.product-type.application";
		};
		616FB09220A9906900209C9C /* strava_swiftTests */ = {
			isa = PBXNativeTarget;
			buildConfigurationList = 616FB09F20A9906900209C9C /* Build configuration list for PBXNativeTarget "strava_swiftTests" */;
			buildPhases = (
				8787FAF6ED512838EF68C61F /* [CP] Check Pods Manifest.lock */,
				616FB08F20A9906900209C9C /* Sources */,
				616FB09020A9906900209C9C /* Frameworks */,
				616FB09120A9906900209C9C /* Resources */,
			);
			buildRules = (
			);
			dependencies = (
				616FB09520A9906900209C9C /* PBXTargetDependency */,
			);
			name = strava_swiftTests;
			productName = strava_swiftTests;
			productReference = 616FB09320A9906900209C9C /* strava_swiftTests.xctest */;
			productType = "com.apple.product-type.bundle.unit-test";
		};
/* End PBXNativeTarget section */

/* Begin PBXProject section */
		616FB07420A9906800209C9C /* Project object */ = {
			isa = PBXProject;
			attributes = {
				LastSwiftUpdateCheck = 0930;
				LastUpgradeCheck = 0930;
				ORGANIZATIONNAME = "Chetan Bhalerao";
				TargetAttributes = {
					616FB07B20A9906800209C9C = {
						CreatedOnToolsVersion = 9.3;
					};
					616FB09220A9906900209C9C = {
						CreatedOnToolsVersion = 9.3;
						TestTargetID = 616FB07B20A9906800209C9C;
					};
				};
			};
			buildConfigurationList = 616FB07720A9906800209C9C /* Build configuration list for PBXProject "strava_swift" */;
			compatibilityVersion = "Xcode 9.3";
			developmentRegion = en;
			hasScannedForEncodings = 0;
			knownRegions = (
				en,
				Base,
			);
			mainGroup = 616FB07320A9906800209C9C;
			productRefGroup = 616FB07D20A9906800209C9C /* Products */;
			projectDirPath = "";
			projectRoot = "";
			targets = (
				616FB07B20A9906800209C9C /* strava_swift */,
				616FB09220A9906900209C9C /* strava_swiftTests */,
			);
		};
/* End PBXProject section */

/* Begin PBXResourcesBuildPhase section */
		616FB07A20A9906800209C9C /* Resources */ = {
			isa = PBXResourcesBuildPhase;
			buildActionMask = 2147483647;
			files = (
				616FB08D20A9906900209C9C /* LaunchScreen.storyboard in Resources */,
				61BDE18220AC042000197341 /* FeedTableViewCell.xib in Resources */,
				616FB08A20A9906900209C9C /* Assets.xcassets in Resources */,
				616FB08520A9906800209C9C /* Main.storyboard in Resources */,
				616FB0A520A9946000209C9C /* HomeViewController.xib in Resources */,
			);
			runOnlyForDeploymentPostprocessing = 0;
		};
		616FB09120A9906900209C9C /* Resources */ = {
			isa = PBXResourcesBuildPhase;
			buildActionMask = 2147483647;
			files = (
			);
			runOnlyForDeploymentPostprocessing = 0;
		};
/* End PBXResourcesBuildPhase section */

/* Begin PBXShellScriptBuildPhase section */
		34519FE57F0111F71CF13A02 /* [CP] Check Pods Manifest.lock */ = {
			isa = PBXShellScriptBuildPhase;
			buildActionMask = 2147483647;
			files = (
			);
			inputPaths = (
				"${PODS_PODFILE_DIR_PATH}/Podfile.lock",
				"${PODS_ROOT}/Manifest.lock",
			);
			name = "[CP] Check Pods Manifest.lock";
			outputPaths = (
				"$(DERIVED_FILE_DIR)/Pods-strava_swift-checkManifestLockResult.txt",
			);
			runOnlyForDeploymentPostprocessing = 0;
			shellPath = /bin/sh;
			shellScript = "diff \"${PODS_PODFILE_DIR_PATH}/Podfile.lock\" \"${PODS_ROOT}/Manifest.lock\" > /dev/null\nif [ $? != 0 ] ; then\n    # print error to STDERR\n    echo \"error: The sandbox is not in sync with the Podfile.lock. Run 'pod install' or update your CocoaPods installation.\" >&2\n    exit 1\nfi\n# This output is used by Xcode 'outputs' to avoid re-running this script phase.\necho \"SUCCESS\" > \"${SCRIPT_OUTPUT_FILE_0}\"\n";
			showEnvVarsInLog = 0;
		};
		8787FAF6ED512838EF68C61F /* [CP] Check Pods Manifest.lock */ = {
			isa = PBXShellScriptBuildPhase;
			buildActionMask = 2147483647;
			files = (
			);
			inputPaths = (
				"${PODS_PODFILE_DIR_PATH}/Podfile.lock",
				"${PODS_ROOT}/Manifest.lock",
			);
			name = "[CP] Check Pods Manifest.lock";
			outputPaths = (
				"$(DERIVED_FILE_DIR)/Pods-strava_swiftTests-checkManifestLockResult.txt",
			);
			runOnlyForDeploymentPostprocessing = 0;
			shellPath = /bin/sh;
			shellScript = "diff \"${PODS_PODFILE_DIR_PATH}/Podfile.lock\" \"${PODS_ROOT}/Manifest.lock\" > /dev/null\nif [ $? != 0 ] ; then\n    # print error to STDERR\n    echo \"error: The sandbox is not in sync with the Podfile.lock. Run 'pod install' or update your CocoaPods installation.\" >&2\n    exit 1\nfi\n# This output is used by Xcode 'outputs' to avoid re-running this script phase.\necho \"SUCCESS\" > \"${SCRIPT_OUTPUT_FILE_0}\"\n";
			showEnvVarsInLog = 0;
		};
		E5A2CC90ACD565F6436A51F6 /* [CP] Embed Pods Frameworks */ = {
			isa = PBXShellScriptBuildPhase;
			buildActionMask = 2147483647;
			files = (
			);
			inputPaths = (
				"${SRCROOT}/Pods/Target Support Files/Pods-strava_swift/Pods-strava_swift-frameworks.sh",
				"${BUILT_PRODUCTS_DIR}/Alamofire/Alamofire.framework",
			);
			name = "[CP] Embed Pods Frameworks";
			outputPaths = (
				"${TARGET_BUILD_DIR}/${FRAMEWORKS_FOLDER_PATH}/Alamofire.framework",
			);
			runOnlyForDeploymentPostprocessing = 0;
			shellPath = /bin/sh;
			shellScript = "\"${SRCROOT}/Pods/Target Support Files/Pods-strava_swift/Pods-strava_swift-frameworks.sh\"\n";
			showEnvVarsInLog = 0;
		};
/* End PBXShellScriptBuildPhase section */

/* Begin PBXSourcesBuildPhase section */
		616FB07820A9906800209C9C /* Sources */ = {
			isa = PBXSourcesBuildPhase;
			buildActionMask = 2147483647;
			files = (
				616FB08220A9906800209C9C /* ViewController.swift in Sources */,
				61BDE18120AC042000197341 /* FeedTableViewCell.swift in Sources */,
				616FB08820A9906800209C9C /* strava_swift.xcdatamodeld in Sources */,
				616FB08020A9906800209C9C /* AppDelegate.swift in Sources */,
				616FB0A720A9B78100209C9C /* HomePresenter.swift in Sources */,
				616FB0A420A9946000209C9C /* HomeViewController.swift in Sources */,
			);
			runOnlyForDeploymentPostprocessing = 0;
		};
		616FB08F20A9906900209C9C /* Sources */ = {
			isa = PBXSourcesBuildPhase;
			buildActionMask = 2147483647;
			files = (
				616FB09820A9906900209C9C /* strava_swiftTests.swift in Sources */,
			);
			runOnlyForDeploymentPostprocessing = 0;
		};
/* End PBXSourcesBuildPhase section */

/* Begin PBXTargetDependency section */
		616FB09520A9906900209C9C /* PBXTargetDependency */ = {
			isa = PBXTargetDependency;
			target = 616FB07B20A9906800209C9C /* strava_swift */;
			targetProxy = 616FB09420A9906900209C9C /* PBXContainerItemProxy */;
		};
/* End PBXTargetDependency section */

/* Begin PBXVariantGroup section */
		616FB08320A9906800209C9C /* Main.storyboard */ = {
			isa = PBXVariantGroup;
			children = (
				616FB08420A9906800209C9C /* Base */,
			);
			name = Main.storyboard;
			sourceTree = "<group>";
		};
		616FB08B20A9906900209C9C /* LaunchScreen.storyboard */ = {
			isa = PBXVariantGroup;
			children = (
				616FB08C20A9906900209C9C /* Base */,
			);
			name = LaunchScreen.storyboard;
			sourceTree = "<group>";
		};
/* End PBXVariantGroup section */

/* Begin XCBuildConfiguration section */
		616FB09A20A9906900209C9C /* Debug */ = {
			isa = XCBuildConfiguration;
			buildSettings = {
				ALWAYS_SEARCH_USER_PATHS = NO;
				CLANG_ANALYZER_NONNULL = YES;
				CLANG_ANALYZER_NUMBER_OBJECT_CONVERSION = YES_AGGRESSIVE;
				CLANG_CXX_LANGUAGE_STANDARD = "gnu++14";
				CLANG_CXX_LIBRARY = "libc++";
				CLANG_ENABLE_MODULES = YES;
				CLANG_ENABLE_OBJC_ARC = YES;
				CLANG_ENABLE_OBJC_WEAK = YES;
				CLANG_WARN_BLOCK_CAPTURE_AUTORELEASING = YES;
				CLANG_WARN_BOOL_CONVERSION = YES;
				CLANG_WARN_COMMA = YES;
				CLANG_WARN_CONSTANT_CONVERSION = YES;
				CLANG_WARN_DEPRECATED_OBJC_IMPLEMENTATIONS = YES;
				CLANG_WARN_DIRECT_OBJC_ISA_USAGE = YES_ERROR;
				CLANG_WARN_DOCUMENTATION_COMMENTS = YES;
				CLANG_WARN_EMPTY_BODY = YES;
				CLANG_WARN_ENUM_CONVERSION = YES;
				CLANG_WARN_INFINITE_RECURSION = YES;
				CLANG_WARN_INT_CONVERSION = YES;
				CLANG_WARN_NON_LITERAL_NULL_CONVERSION = YES;
				CLANG_WARN_OBJC_IMPLICIT_RETAIN_SELF = YES;
				CLANG_WARN_OBJC_LITERAL_CONVERSION = YES;
				CLANG_WARN_OBJC_ROOT_CLASS = YES_ERROR;
				CLANG_WARN_RANGE_LOOP_ANALYSIS = YES;
				CLANG_WARN_STRICT_PROTOTYPES = YES;
				CLANG_WARN_SUSPICIOUS_MOVE = YES;
				CLANG_WARN_UNGUARDED_AVAILABILITY = YES_AGGRESSIVE;
				CLANG_WARN_UNREACHABLE_CODE = YES;
				CLANG_WARN__DUPLICATE_METHOD_MATCH = YES;
				CODE_SIGN_IDENTITY = "iPhone Developer";
				COPY_PHASE_STRIP = NO;
				DEBUG_INFORMATION_FORMAT = dwarf;
				ENABLE_STRICT_OBJC_MSGSEND = YES;
				ENABLE_TESTABILITY = YES;
				GCC_C_LANGUAGE_STANDARD = gnu11;
				GCC_DYNAMIC_NO_PIC = NO;
				GCC_NO_COMMON_BLOCKS = YES;
				GCC_OPTIMIZATION_LEVEL = 0;
				GCC_PREPROCESSOR_DEFINITIONS = (
					"DEBUG=1",
					"$(inherited)",
				);
				GCC_WARN_64_TO_32_BIT_CONVERSION = YES;
				GCC_WARN_ABOUT_RETURN_TYPE = YES_ERROR;
				GCC_WARN_UNDECLARED_SELECTOR = YES;
				GCC_WARN_UNINITIALIZED_AUTOS = YES_AGGRESSIVE;
				GCC_WARN_UNUSED_FUNCTION = YES;
				GCC_WARN_UNUSED_VARIABLE = YES;
				IPHONEOS_DEPLOYMENT_TARGET = 11.3;
				MTL_ENABLE_DEBUG_INFO = YES;
				ONLY_ACTIVE_ARCH = YES;
				SDKROOT = iphoneos;
				SWIFT_ACTIVE_COMPILATION_CONDITIONS = DEBUG;
				SWIFT_OPTIMIZATION_LEVEL = "-Onone";
			};
			name = Debug;
		};
		616FB09B20A9906900209C9C /* Release */ = {
			isa = XCBuildConfiguration;
			buildSettings = {
				ALWAYS_SEARCH_USER_PATHS = NO;
				CLANG_ANALYZER_NONNULL = YES;
				CLANG_ANALYZER_NUMBER_OBJECT_CONVERSION = YES_AGGRESSIVE;
				CLANG_CXX_LANGUAGE_STANDARD = "gnu++14";
				CLANG_CXX_LIBRARY = "libc++";
				CLANG_ENABLE_MODULES = YES;
				CLANG_ENABLE_OBJC_ARC = YES;
				CLANG_ENABLE_OBJC_WEAK = YES;
				CLANG_WARN_BLOCK_CAPTURE_AUTORELEASING = YES;
				CLANG_WARN_BOOL_CONVERSION = YES;
				CLANG_WARN_COMMA = YES;
				CLANG_WARN_CONSTANT_CONVERSION = YES;
				CLANG_WARN_DEPRECATED_OBJC_IMPLEMENTATIONS = YES;
				CLANG_WARN_DIRECT_OBJC_ISA_USAGE = YES_ERROR;
				CLANG_WARN_DOCUMENTATION_COMMENTS = YES;
				CLANG_WARN_EMPTY_BODY = YES;
				CLANG_WARN_ENUM_CONVERSION = YES;
				CLANG_WARN_INFINITE_RECURSION = YES;
				CLANG_WARN_INT_CONVERSION = YES;
				CLANG_WARN_NON_LITERAL_NULL_CONVERSION = YES;
				CLANG_WARN_OBJC_IMPLICIT_RETAIN_SELF = YES;
				CLANG_WARN_OBJC_LITERAL_CONVERSION = YES;
				CLANG_WARN_OBJC_ROOT_CLASS = YES_ERROR;
				CLANG_WARN_RANGE_LOOP_ANALYSIS = YES;
				CLANG_WARN_STRICT_PROTOTYPES = YES;
				CLANG_WARN_SUSPICIOUS_MOVE = YES;
				CLANG_WARN_UNGUARDED_AVAILABILITY = YES_AGGRESSIVE;
				CLANG_WARN_UNREACHABLE_CODE = YES;
				CLANG_WARN__DUPLICATE_METHOD_MATCH = YES;
				CODE_SIGN_IDENTITY = "iPhone Developer";
				COPY_PHASE_STRIP = NO;
				DEBUG_INFORMATION_FORMAT = "dwarf-with-dsym";
				ENABLE_NS_ASSERTIONS = NO;
				ENABLE_STRICT_OBJC_MSGSEND = YES;
				GCC_C_LANGUAGE_STANDARD = gnu11;
				GCC_NO_COMMON_BLOCKS = YES;
				GCC_WARN_64_TO_32_BIT_CONVERSION = YES;
				GCC_WARN_ABOUT_RETURN_TYPE = YES_ERROR;
				GCC_WARN_UNDECLARED_SELECTOR = YES;
				GCC_WARN_UNINITIALIZED_AUTOS = YES_AGGRESSIVE;
				GCC_WARN_UNUSED_FUNCTION = YES;
				GCC_WARN_UNUSED_VARIABLE = YES;
				IPHONEOS_DEPLOYMENT_TARGET = 11.3;
				MTL_ENABLE_DEBUG_INFO = NO;
				SDKROOT = iphoneos;
				SWIFT_COMPILATION_MODE = wholemodule;
				SWIFT_OPTIMIZATION_LEVEL = "-O";
				VALIDATE_PRODUCT = YES;
			};
			name = Release;
		};
		616FB09D20A9906900209C9C /* Debug */ = {
			isa = XCBuildConfiguration;
			baseConfigurationReference = B56E827D5EC3E92EFDD3A60D /* Pods-strava_swift.debug.xcconfig */;
			buildSettings = {
				ASSETCATALOG_COMPILER_APPICON_NAME = AppIcon;
				CODE_SIGN_STYLE = Automatic;
				INFOPLIST_FILE = strava_swift/Info.plist;
				LD_RUNPATH_SEARCH_PATHS = (
					"$(inherited)",
					"@executable_path/Frameworks",
				);
				PRODUCT_BUNDLE_IDENTIFIER = "chetan.strava-swift";
				PRODUCT_NAME = "$(TARGET_NAME)";
				SWIFT_VERSION = 4.0;
				TARGETED_DEVICE_FAMILY = "1,2";
			};
			name = Debug;
		};
		616FB09E20A9906900209C9C /* Release */ = {
			isa = XCBuildConfiguration;
			baseConfigurationReference = 5D2E1DAA0E3C1CD66A7065FE /* Pods-strava_swift.release.xcconfig */;
			buildSettings = {
				ASSETCATALOG_COMPILER_APPICON_NAME = AppIcon;
				CODE_SIGN_STYLE = Automatic;
				INFOPLIST_FILE = strava_swift/Info.plist;
				LD_RUNPATH_SEARCH_PATHS = (
					"$(inherited)",
					"@executable_path/Frameworks",
				);
				PRODUCT_BUNDLE_IDENTIFIER = "chetan.strava-swift";
				PRODUCT_NAME = "$(TARGET_NAME)";
				SWIFT_VERSION = 4.0;
				TARGETED_DEVICE_FAMILY = "1,2";
			};
			name = Release;
		};
		616FB0A020A9906900209C9C /* Debug */ = {
			isa = XCBuildConfiguration;
			baseConfigurationReference = C2EB9EB678A60174E0809B2F /* Pods-strava_swiftTests.debug.xcconfig */;
			buildSettings = {
				ALWAYS_EMBED_SWIFT_STANDARD_LIBRARIES = YES;
				BUNDLE_LOADER = "$(TEST_HOST)";
				CODE_SIGN_STYLE = Automatic;
				INFOPLIST_FILE = strava_swiftTests/Info.plist;
				LD_RUNPATH_SEARCH_PATHS = (
					"$(inherited)",
					"@executable_path/Frameworks",
					"@loader_path/Frameworks",
				);
				PRODUCT_BUNDLE_IDENTIFIER = "chetan.strava-swiftTests";
				PRODUCT_NAME = "$(TARGET_NAME)";
				SWIFT_VERSION = 4.0;
				TARGETED_DEVICE_FAMILY = "1,2";
				TEST_HOST = "$(BUILT_PRODUCTS_DIR)/strava_swift.app/strava_swift";
			};
			name = Debug;
		};
		616FB0A120A9906900209C9C /* Release */ = {
			isa = XCBuildConfiguration;
			baseConfigurationReference = 4695C4C799CAA21A358E3E8F /* Pods-strava_swiftTests.release.xcconfig */;
			buildSettings = {
				ALWAYS_EMBED_SWIFT_STANDARD_LIBRARIES = YES;
				BUNDLE_LOADER = "$(TEST_HOST)";
				CODE_SIGN_STYLE = Automatic;
				INFOPLIST_FILE = strava_swiftTests/Info.plist;
				LD_RUNPATH_SEARCH_PATHS = (
					"$(inherited)",
					"@executable_path/Frameworks",
					"@loader_path/Frameworks",
				);
				PRODUCT_BUNDLE_IDENTIFIER = "chetan.strava-swiftTests";
				PRODUCT_NAME = "$(TARGET_NAME)";
				SWIFT_VERSION = 4.0;
				TARGETED_DEVICE_FAMILY = "1,2";
				TEST_HOST = "$(BUILT_PRODUCTS_DIR)/strava_swift.app/strava_swift";
			};
			name = Release;
		};
/* End XCBuildConfiguration section */

/* Begin XCConfigurationList section */
		616FB07720A9906800209C9C /* Build configuration list for PBXProject "strava_swift" */ = {
			isa = XCConfigurationList;
			buildConfigurations = (
				616FB09A20A9906900209C9C /* Debug */,
				616FB09B20A9906900209C9C /* Release */,
			);
			defaultConfigurationIsVisible = 0;
			defaultConfigurationName = Release;
		};
		616FB09C20A9906900209C9C /* Build configuration list for PBXNativeTarget "strava_swift" */ = {
			isa = XCConfigurationList;
			buildConfigurations = (
				616FB09D20A9906900209C9C /* Debug */,
				616FB09E20A9906900209C9C /* Release */,
			);
			defaultConfigurationIsVisible = 0;
			defaultConfigurationName = Release;
		};
		616FB09F20A9906900209C9C /* Build configuration list for PBXNativeTarget "strava_swiftTests" */ = {
			isa = XCConfigurationList;
			buildConfigurations = (
				616FB0A020A9906900209C9C /* Debug */,
				616FB0A120A9906900209C9C /* Release */,
			);
			defaultConfigurationIsVisible = 0;
			defaultConfigurationName = Release;
		};
/* End XCConfigurationList section */

/* Begin XCVersionGroup section */
		616FB08620A9906800209C9C /* strava_swift.xcdatamodeld */ = {
			isa = XCVersionGroup;
			children = (
				616FB08720A9906800209C9C /* strava_swift.xcdatamodel */,
			);
			currentVersion = 616FB08720A9906800209C9C /* strava_swift.xcdatamodel */;
			path = strava_swift.xcdatamodeld;
			sourceTree = "<group>";
			versionGroupType = wrapper.xcdatamodel;
		};
/* End XCVersionGroup section */
	};
	rootObject = 616FB07420A9906800209C9C /* Project object */;
}
